
Microsoft Visual Studio Solution File, Format Version 12.00
Project("{FAE04EC0-301F-11D3-BF4B-00C04F79EFBC}") = "EarlyBird", "EarlyBird\EarlyBird.csproj", "{9A503E71-5EC4-4192-87BF-04C3D0C46FEA}"
EndProject
Global
	GlobalSection(SolutionConfigurationPlatforms) = preSolution
		Debug|Any CPU = Debug|Any CPU
		Release|Any CPU = Release|Any CPU
	EndGlobalSection
	GlobalSection(ProjectConfigurationPlatforms) = postSolution
		{9A503E71-5EC4-4192-87BF-04C3D0C46FEA}.Debug|Any CPU.ActiveCfg = Debug|Any CPU
		{9A503E71-5EC4-4192-87BF-04C3D0C46FEA}.Debug|Any CPU.Build.0 = Debug|Any CPU
		{9A503E71-5EC4-4192-87BF-04C3D0C46FEA}.Release|Any CPU.ActiveCfg = Release|Any CPU
		{9A503E71-5EC4-4192-87BF-04C3D0C46FEA}.Release|Any CPU.Build.0 = Release|Any CPU
	EndGlobalSection
EndGlobal
